
Microsoft Visual Studio Solution File, Format Version 12.00
# Visual Studio Version 16
VisualStudioVersion = 16.0.31205.134
MinimumVisualStudioVersion = 10.0.40219.1
Project("{9A19103F-16F7-4668-BE54-9A1E7A4F7556}") = "NotMyFaultModule", "NotMyFaultModule.csproj", "{CC9CEC5C-A845-485A-82E2-F2A258980FF4}"
EndProject
Global
	GlobalSection(SolutionConfigurationPlatforms) = preSolution
		Debug|Any CPU = Debug|Any CPU
		Release|Any CPU = Release|Any CPU
	EndGlobalSection
	GlobalSection(ProjectConfigurationPlatforms) = postSolution
		{CC9CEC5C-A845-485A-82E2-F2A258980FF4}.Debug|Any CPU.ActiveCfg = Debug|Any CPU
		{CC9CEC5C-A845-485A-82E2-F2A258980FF4}.Debug|Any CPU.Build.0 = Debug|Any CPU
		{CC9CEC5C-A845-485A-82E2-F2A258980FF4}.Release|Any CPU.ActiveCfg = Release|Any CPU
		{CC9CEC5C-A845-485A-82E2-F2A258980FF4}.Release|Any CPU.Build.0 = Release|Any CPU
	EndGlobalSection
	GlobalSection(SolutionProperties) = preSolution
		HideSolutionNode = FALSE
	EndGlobalSection
	GlobalSection(ExtensibilityGlobals) = postSolution
		SolutionGuid = {BA8FBAE3-9891-4EA4-975D-486BED4BFD55}
	EndGlobalSection
EndGlobal
